// !$*UTF8*$!
{
	archiveVersion = 1;
	classes = {
	};
	objectVersion = 56;
	objects = {

/* Begin PBXBuildFile section */
		00159AAC2D6E0C1B00500807 /* DemoTaskApp.swift in Sources */ = {isa = PBXBuildFile; fileRef = 00159AAB2D6E0C1B00500807 /* DemoTaskApp.swift */; };
		00159AAE2D6E0C1B00500807 /* ContentView.swift in Sources */ = {isa = PBXBuildFile; fileRef = 00159AAD2D6E0C1B00500807 /* ContentView.swift */; };
		00159AB02D6E0C1C00500807 /* Assets.xcassets in Resources */ = {isa = PBXBuildFile; fileRef = 00159AAF2D6E0C1C00500807 /* Assets.xcassets */; };
		00159AB32D6E0C1C00500807 /* Preview Assets.xcassets in Resources */ = {isa = PBXBuildFile; fileRef = 00159AB22D6E0C1C00500807 /* Preview Assets.xcassets */; };
		00159AB52D6E0C1C00500807 /* Persistence.swift in Sources */ = {isa = PBXBuildFile; fileRef = 00159AB42D6E0C1C00500807 /* Persistence.swift */; };
		00159AB82D6E0C1C00500807 /* DemoTask.xcdatamodeld in Sources */ = {isa = PBXBuildFile; fileRef = 00159AB62D6E0C1C00500807 /* DemoTask.xcdatamodeld */; };
		00159AC22D6E0C1C00500807 /* DemoTaskTests.swift in Sources */ = {isa = PBXBuildFile; fileRef = 00159AC12D6E0C1C00500807 /* DemoTaskTests.swift */; };
		00159ACC2D6E0C1C00500807 /* DemoTaskUITests.swift in Sources */ = {isa = PBXBuildFile; fileRef = 00159ACB2D6E0C1C00500807 /* DemoTaskUITests.swift */; };
		00159ACE2D6E0C1C00500807 /* DemoTaskUITestsLaunchTests.swift in Sources */ = {isa = PBXBuildFile; fileRef = 00159ACD2D6E0C1C00500807 /* DemoTaskUITestsLaunchTests.swift */; };
		00159ADB2D6E0DB100500807 /* TaskRowView.swift in Sources */ = {isa = PBXBuildFile; fileRef = 00159ADA2D6E0DB100500807 /* TaskRowView.swift */; };
		00159ADD2D6E0E7A00500807 /* TaskDetailView.swift in Sources */ = {isa = PBXBuildFile; fileRef = 00159ADC2D6E0E7A00500807 /* TaskDetailView.swift */; };
		00159ADF2D6E0E9000500807 /* AddTaskView.swift in Sources */ = {isa = PBXBuildFile; fileRef = 00159ADE2D6E0E9000500807 /* AddTaskView.swift */; };
		00159AE12D6E1B5200500807 /* SettingsView.swift in Sources */ = {isa = PBXBuildFile; fileRef = 00159AE02D6E1B5200500807 /* SettingsView.swift */; };
		009AE38F2D6F709A00779575 /* EmptyStateView.swift in Sources */ = {isa = PBXBuildFile; fileRef = 009AE38E2D6F709A00779575 /* EmptyStateView.swift */; };
		00FEFEB82D70B5A6001DB8E9 /* CircularProgressView.swift in Sources */ = {isa = PBXBuildFile; fileRef = 00FEFEB72D70B5A6001DB8E9 /* CircularProgressView.swift */; };
		00FEFEBE2D70C6C8001DB8E9 /* ThemeManager.swift in Sources */ = {isa = PBXBuildFile; fileRef = 00FEFEBD2D70C6C8001DB8E9 /* ThemeManager.swift */; };
/* End PBXBuildFile section */

/* Begin PBXContainerItemProxy section */
		00159ABE2D6E0C1C00500807 /* PBXContainerItemProxy */ = {
			isa = PBXContainerItemProxy;
			containerPortal = 00159AA02D6E0C1B00500807 /* Project object */;
			proxyType = 1;
			remoteGlobalIDString = 00159AA72D6E0C1B00500807;
			remoteInfo = DemoTask;
		};
		00159AC82D6E0C1C00500807 /* PBXContainerItemProxy */ = {
			isa = PBXContainerItemProxy;
			containerPortal = 00159AA02D6E0C1B00500807 /* Project object */;
			proxyType = 1;
			remoteGlobalIDString = 00159AA72D6E0C1B00500807;
			remoteInfo = DemoTask;
		};
/* End PBXContainerItemProxy section */

/* Begin PBXFileReference section */
		00159AA82D6E0C1B00500807 /* DemoTask.app */ = {isa = PBXFileReference; explicitFileType = wrapper.application; includeInIndex = 0; path = DemoTask.app; sourceTree = BUILT_PRODUCTS_DIR; };
		00159AAB2D6E0C1B00500807 /* DemoTaskApp.swift */ = {isa = PBXFileReference; lastKnownFileType = sourcecode.swift; path = DemoTaskApp.swift; sourceTree = "<group>"; };
		00159AAD2D6E0C1B00500807 /* ContentView.swift */ = {isa = PBXFileReference; lastKnownFileType = sourcecode.swift; path = ContentView.swift; sourceTree = "<group>"; };
		00159AAF2D6E0C1C00500807 /* Assets.xcassets */ = {isa = PBXFileReference; lastKnownFileType = folder.assetcatalog; path = Assets.xcassets; sourceTree = "<group>"; };
		00159AB22D6E0C1C00500807 /* Preview Assets.xcassets */ = {isa = PBXFileReference; lastKnownFileType = folder.assetcatalog; path = "Preview Assets.xcassets"; sourceTree = "<group>"; };
		00159AB42D6E0C1C00500807 /* Persistence.swift */ = {isa = PBXFileReference; lastKnownFileType = sourcecode.swift; path = Persistence.swift; sourceTree = "<group>"; };
		00159AB72D6E0C1C00500807 /* DemoTask.xcdatamodel */ = {isa = PBXFileReference; lastKnownFileType = wrapper.xcdatamodel; path = DemoTask.xcdatamodel; sourceTree = "<group>"; };
		00159ABD2D6E0C1C00500807 /* DemoTaskTests.xctest */ = {isa = PBXFileReference; explicitFileType = wrapper.cfbundle; includeInIndex = 0; path = DemoTaskTests.xctest; sourceTree = BUILT_PRODUCTS_DIR; };
		00159AC12D6E0C1C00500807 /* DemoTaskTests.swift */ = {isa = PBXFileReference; lastKnownFileType = sourcecode.swift; path = DemoTaskTests.swift; sourceTree = "<group>"; };
		00159AC72D6E0C1C00500807 /* DemoTaskUITests.xctest */ = {isa = PBXFileReference; explicitFileType = wrapper.cfbundle; includeInIndex = 0; path = DemoTaskUITests.xctest; sourceTree = BUILT_PRODUCTS_DIR; };
		00159ACB2D6E0C1C00500807 /* DemoTaskUITests.swift */ = {isa = PBXFileReference; lastKnownFileType = sourcecode.swift; path = DemoTaskUITests.swift; sourceTree = "<group>"; };
		00159ACD2D6E0C1C00500807 /* DemoTaskUITestsLaunchTests.swift */ = {isa = PBXFileReference; lastKnownFileType = sourcecode.swift; path = DemoTaskUITestsLaunchTests.swift; sourceTree = "<group>"; };
		00159ADA2D6E0DB100500807 /* TaskRowView.swift */ = {isa = PBXFileReference; lastKnownFileType = sourcecode.swift; path = TaskRowView.swift; sourceTree = "<group>"; };
		00159ADC2D6E0E7A00500807 /* TaskDetailView.swift */ = {isa = PBXFileReference; lastKnownFileType = sourcecode.swift; path = TaskDetailView.swift; sourceTree = "<group>"; };
		00159ADE2D6E0E9000500807 /* AddTaskView.swift */ = {isa = PBXFileReference; lastKnownFileType = sourcecode.swift; path = AddTaskView.swift; sourceTree = "<group>"; };
		00159AE02D6E1B5200500807 /* SettingsView.swift */ = {isa = PBXFileReference; lastKnownFileType = sourcecode.swift; path = SettingsView.swift; sourceTree = "<group>"; };
		009AE38E2D6F709A00779575 /* EmptyStateView.swift */ = {isa = PBXFileReference; lastKnownFileType = sourcecode.swift; path = EmptyStateView.swift; sourceTree = "<group>"; };
		00FEFEB72D70B5A6001DB8E9 /* CircularProgressView.swift */ = {isa = PBXFileReference; lastKnownFileType = sourcecode.swift; path = CircularProgressView.swift; sourceTree = "<group>"; };
		00FEFEBD2D70C6C8001DB8E9 /* ThemeManager.swift */ = {isa = PBXFileReference; fileEncoding = 4; lastKnownFileType = sourcecode.swift; path = ThemeManager.swift; sourceTree = "<group>"; };
/* End PBXFileReference section */

/* Begin PBXFrameworksBuildPhase section */
		00159AA52D6E0C1B00500807 /* Frameworks */ = {
			isa = PBXFrameworksBuildPhase;
			buildActionMask = 2147483647;
			files = (
			);
			runOnlyForDeploymentPostprocessing = 0;
		};
		00159ABA2D6E0C1C00500807 /* Frameworks */ = {
			isa = PBXFrameworksBuildPhase;
			buildActionMask = 2147483647;
			files = (
			);
			runOnlyForDeploymentPostprocessing = 0;
		};
		00159AC42D6E0C1C00500807 /* Frameworks */ = {
			isa = PBXFrameworksBuildPhase;
			buildActionMask = 2147483647;
			files = (
			);
			runOnlyForDeploymentPostprocessing = 0;
		};
/* End PBXFrameworksBuildPhase section */

/* Begin PBXGroup section */
		00159A9F2D6E0C1B00500807 = {
			isa = PBXGroup;
			children = (
				00159AAA2D6E0C1B00500807 /* DemoTask */,
				00159AC02D6E0C1C00500807 /* DemoTaskTests */,
				00159ACA2D6E0C1C00500807 /* DemoTaskUITests */,
				00159AA92D6E0C1B00500807 /* Products */,
			);
			sourceTree = "<group>";
		};
		00159AA92D6E0C1B00500807 /* Products */ = {
			isa = PBXGroup;
			children = (
				00159AA82D6E0C1B00500807 /* DemoTask.app */,
				00159ABD2D6E0C1C00500807 /* DemoTaskTests.xctest */,
				00159AC72D6E0C1C00500807 /* DemoTaskUITests.xctest */,
			);
			name = Products;
			sourceTree = "<group>";
		};
		00159AAA2D6E0C1B00500807 /* DemoTask */ = {
			isa = PBXGroup;
			children = (
				00159AAB2D6E0C1B00500807 /* DemoTaskApp.swift */,
				00159AAD2D6E0C1B00500807 /* ContentView.swift */,
				00159ADA2D6E0DB100500807 /* TaskRowView.swift */,
				00159AAF2D6E0C1C00500807 /* Assets.xcassets */,
				00159AB42D6E0C1C00500807 /* Persistence.swift */,
				00159AB62D6E0C1C00500807 /* DemoTask.xcdatamodeld */,
				00159AB12D6E0C1C00500807 /* Preview Content */,
				00159ADC2D6E0E7A00500807 /* TaskDetailView.swift */,
				00159ADE2D6E0E9000500807 /* AddTaskView.swift */,
				00159AE02D6E1B5200500807 /* SettingsView.swift */,
				009AE38E2D6F709A00779575 /* EmptyStateView.swift */,
				00FEFEBD2D70C6C8001DB8E9 /* ThemeManager.swift */,
				00FEFEB72D70B5A6001DB8E9 /* CircularProgressView.swift */,
			);
			path = DemoTask;
			sourceTree = "<group>";
		};
		00159AB12D6E0C1C00500807 /* Preview Content */ = {
			isa = PBXGroup;
			children = (
				00159AB22D6E0C1C00500807 /* Preview Assets.xcassets */,
			);
			path = "Preview Content";
			sourceTree = "<group>";
		};
		00159AC02D6E0C1C00500807 /* DemoTaskTests */ = {
			isa = PBXGroup;
			children = (
				00159AC12D6E0C1C00500807 /* DemoTaskTests.swift */,
			);
			path = DemoTaskTests;
			sourceTree = "<group>";
		};
		00159ACA2D6E0C1C00500807 /* DemoTaskUITests */ = {
			isa = PBXGroup;
			children = (
				00159ACB2D6E0C1C00500807 /* DemoTaskUITests.swift */,
				00159ACD2D6E0C1C00500807 /* DemoTaskUITestsLaunchTests.swift */,
			);
			path = DemoTaskUITests;
			sourceTree = "<group>";
		};
/* End PBXGroup section */

/* Begin PBXNativeTarget section */
		00159AA72D6E0C1B00500807 /* DemoTask */ = {
			isa = PBXNativeTarget;
			buildConfigurationList = 00159AD12D6E0C1C00500807 /* Build configuration list for PBXNativeTarget "DemoTask" */;
			buildPhases = (
				00159AA42D6E0C1B00500807 /* Sources */,
				00159AA52D6E0C1B00500807 /* Frameworks */,
				00159AA62D6E0C1B00500807 /* Resources */,
			);
			buildRules = (
			);
			dependencies = (
			);
			name = DemoTask;
			productName = DemoTask;
			productReference = 00159AA82D6E0C1B00500807 /* DemoTask.app */;
			productType = "com.apple.product-type.application";
		};
		00159ABC2D6E0C1C00500807 /* DemoTaskTests */ = {
			isa = PBXNativeTarget;
			buildConfigurationList = 00159AD42D6E0C1C00500807 /* Build configuration list for PBXNativeTarget "DemoTaskTests" */;
			buildPhases = (
				00159AB92D6E0C1C00500807 /* Sources */,
				00159ABA2D6E0C1C00500807 /* Frameworks */,
				00159ABB2D6E0C1C00500807 /* Resources */,
			);
			buildRules = (
			);
			dependencies = (
				00159ABF2D6E0C1C00500807 /* PBXTargetDependency */,
			);
			name = DemoTaskTests;
			productName = DemoTaskTests;
			productReference = 00159ABD2D6E0C1C00500807 /* DemoTaskTests.xctest */;
			productType = "com.apple.product-type.bundle.unit-test";
		};
		00159AC62D6E0C1C00500807 /* DemoTaskUITests */ = {
			isa = PBXNativeTarget;
			buildConfigurationList = 00159AD72D6E0C1C00500807 /* Build configuration list for PBXNativeTarget "DemoTaskUITests" */;
			buildPhases = (
				00159AC32D6E0C1C00500807 /* Sources */,
				00159AC42D6E0C1C00500807 /* Frameworks */,
				00159AC52D6E0C1C00500807 /* Resources */,
			);
			buildRules = (
			);
			dependencies = (
				00159AC92D6E0C1C00500807 /* PBXTargetDependency */,
			);
			name = DemoTaskUITests;
			productName = DemoTaskUITests;
			productReference = 00159AC72D6E0C1C00500807 /* DemoTaskUITests.xctest */;
			productType = "com.apple.product-type.bundle.ui-testing";
		};
/* End PBXNativeTarget section */

/* Begin PBXProject section */
		00159AA02D6E0C1B00500807 /* Project object */ = {
			isa = PBXProject;
			attributes = {
				BuildIndependentTargetsInParallel = 1;
				LastSwiftUpdateCheck = 1530;
				LastUpgradeCheck = 1530;
				TargetAttributes = {
					00159AA72D6E0C1B00500807 = {
						CreatedOnToolsVersion = 15.3;
					};
					00159ABC2D6E0C1C00500807 = {
						CreatedOnToolsVersion = 15.3;
						TestTargetID = 00159AA72D6E0C1B00500807;
					};
					00159AC62D6E0C1C00500807 = {
						CreatedOnToolsVersion = 15.3;
						TestTargetID = 00159AA72D6E0C1B00500807;
					};
				};
			};
			buildConfigurationList = 00159AA32D6E0C1B00500807 /* Build configuration list for PBXProject "DemoTask" */;
			compatibilityVersion = "Xcode 14.0";
			developmentRegion = en;
			hasScannedForEncodings = 0;
			knownRegions = (
				en,
				Base,
			);
			mainGroup = 00159A9F2D6E0C1B00500807;
			productRefGroup = 00159AA92D6E0C1B00500807 /* Products */;
			projectDirPath = "";
			projectRoot = "";
			targets = (
				00159AA72D6E0C1B00500807 /* DemoTask */,
				00159ABC2D6E0C1C00500807 /* DemoTaskTests */,
				00159AC62D6E0C1C00500807 /* DemoTaskUITests */,
			);
		};
/* End PBXProject section */

/* Begin PBXResourcesBuildPhase section */
		00159AA62D6E0C1B00500807 /* Resources */ = {
			isa = PBXResourcesBuildPhase;
			buildActionMask = 2147483647;
			files = (
				00159AB32D6E0C1C00500807 /* Preview Assets.xcassets in Resources */,
				00159AB02D6E0C1C00500807 /* Assets.xcassets in Resources */,
			);
			runOnlyForDeploymentPostprocessing = 0;
		};
		00159ABB2D6E0C1C00500807 /* Resources */ = {
			isa = PBXResourcesBuildPhase;
			buildActionMask = 2147483647;
			files = (
			);
			runOnlyForDeploymentPostprocessing = 0;
		};
		00159AC52D6E0C1C00500807 /* Resources */ = {
			isa = PBXResourcesBuildPhase;
			buildActionMask = 2147483647;
			files = (
			);
			runOnlyForDeploymentPostprocessing = 0;
		};
/* End PBXResourcesBuildPhase section */

/* Begin PBXSourcesBuildPhase section */
		00159AA42D6E0C1B00500807 /* Sources */ = {
			isa = PBXSourcesBuildPhase;
			buildActionMask = 2147483647;
			files = (
				009AE38F2D6F709A00779575 /* EmptyStateView.swift in Sources */,
				00159ADB2D6E0DB100500807 /* TaskRowView.swift in Sources */,
				00159AE12D6E1B5200500807 /* SettingsView.swift in Sources */,
				00159ADF2D6E0E9000500807 /* AddTaskView.swift in Sources */,
				00159AB52D6E0C1C00500807 /* Persistence.swift in Sources */,
				00159ADD2D6E0E7A00500807 /* TaskDetailView.swift in Sources */,
				00159AB82D6E0C1C00500807 /* DemoTask.xcdatamodeld in Sources */,
				00159AAE2D6E0C1B00500807 /* ContentView.swift in Sources */,
				00FEFEB82D70B5A6001DB8E9 /* CircularProgressView.swift in Sources */,
				00159AAC2D6E0C1B00500807 /* DemoTaskApp.swift in Sources */,
				00FEFEBE2D70C6C8001DB8E9 /* ThemeManager.swift in Sources */,
			);
			runOnlyForDeploymentPostprocessing = 0;
		};
		00159AB92D6E0C1C00500807 /* Sources */ = {
			isa = PBXSourcesBuildPhase;
			buildActionMask = 2147483647;
			files = (
				00159AC22D6E0C1C00500807 /* DemoTaskTests.swift in Sources */,
			);
			runOnlyForDeploymentPostprocessing = 0;
		};
		00159AC32D6E0C1C00500807 /* Sources */ = {
			isa = PBXSourcesBuildPhase;
			buildActionMask = 2147483647;
			files = (
				00159ACE2D6E0C1C00500807 /* DemoTaskUITestsLaunchTests.swift in Sources */,
				00159ACC2D6E0C1C00500807 /* DemoTaskUITests.swift in Sources */,
			);
			runOnlyForDeploymentPostprocessing = 0;
		};
/* End PBXSourcesBuildPhase section */

/* Begin PBXTargetDependency section */
		00159ABF2D6E0C1C00500807 /* PBXTargetDependency */ = {
			isa = PBXTargetDependency;
			target = 00159AA72D6E0C1B00500807 /* DemoTask */;
			targetProxy = 00159ABE2D6E0C1C00500807 /* PBXContainerItemProxy */;
		};
		00159AC92D6E0C1C00500807 /* PBXTargetDependency */ = {
			isa = PBXTargetDependency;
			target = 00159AA72D6E0C1B00500807 /* DemoTask */;
			targetProxy = 00159AC82D6E0C1C00500807 /* PBXContainerItemProxy */;
		};
/* End PBXTargetDependency section */

/* Begin XCBuildConfiguration section */
		00159ACF2D6E0C1C00500807 /* Debug */ = {
			isa = XCBuildConfiguration;
			buildSettings = {
				ALWAYS_SEARCH_USER_PATHS = NO;
				ASSETCATALOG_COMPILER_GENERATE_SWIFT_ASSET_SYMBOL_EXTENSIONS = YES;
				CLANG_ANALYZER_NONNULL = YES;
				CLANG_ANALYZER_NUMBER_OBJECT_CONVERSION = YES_AGGRESSIVE;
				CLANG_CXX_LANGUAGE_STANDARD = "gnu++20";
				CLANG_ENABLE_MODULES = YES;
				CLANG_ENABLE_OBJC_ARC = YES;
				CLANG_ENABLE_OBJC_WEAK = YES;
				CLANG_WARN_BLOCK_CAPTURE_AUTORELEASING = YES;
				CLANG_WARN_BOOL_CONVERSION = YES;
				CLANG_WARN_COMMA = YES;
				CLANG_WARN_CONSTANT_CONVERSION = YES;
				CLANG_WARN_DEPRECATED_OBJC_IMPLEMENTATIONS = YES;
				CLANG_WARN_DIRECT_OBJC_ISA_USAGE = YES_ERROR;
				CLANG_WARN_DOCUMENTATION_COMMENTS = YES;
				CLANG_WARN_EMPTY_BODY = YES;
				CLANG_WARN_ENUM_CONVERSION = YES;
				CLANG_WARN_INFINITE_RECURSION = YES;
				CLANG_WARN_INT_CONVERSION = YES;
				CLANG_WARN_NON_LITERAL_NULL_CONVERSION = YES;
				CLANG_WARN_OBJC_IMPLICIT_RETAIN_SELF = YES;
				CLANG_WARN_OBJC_LITERAL_CONVERSION = YES;
				CLANG_WARN_OBJC_ROOT_CLASS = YES_ERROR;
				CLANG_WARN_QUOTED_INCLUDE_IN_FRAMEWORK_HEADER = YES;
				CLANG_WARN_RANGE_LOOP_ANALYSIS = YES;
				CLANG_WARN_STRICT_PROTOTYPES = YES;
				CLANG_WARN_SUSPICIOUS_MOVE = YES;
				CLANG_WARN_UNGUARDED_AVAILABILITY = YES_AGGRESSIVE;
				CLANG_WARN_UNREACHABLE_CODE = YES;
				CLANG_WARN__DUPLICATE_METHOD_MATCH = YES;
				COPY_PHASE_STRIP = NO;
				DEBUG_INFORMATION_FORMAT = dwarf;
				ENABLE_STRICT_OBJC_MSGSEND = YES;
				ENABLE_TESTABILITY = YES;
				ENABLE_USER_SCRIPT_SANDBOXING = YES;
				GCC_C_LANGUAGE_STANDARD = gnu17;
				GCC_DYNAMIC_NO_PIC = NO;
				GCC_NO_COMMON_BLOCKS = YES;
				GCC_OPTIMIZATION_LEVEL = 0;
				GCC_PREPROCESSOR_DEFINITIONS = (
					"DEBUG=1",
					"$(inherited)",
				);
				GCC_WARN_64_TO_32_BIT_CONVERSION = YES;
				GCC_WARN_ABOUT_RETURN_TYPE = YES_ERROR;
				GCC_WARN_UNDECLARED_SELECTOR = YES;
				GCC_WARN_UNINITIALIZED_AUTOS = YES_AGGRESSIVE;
				GCC_WARN_UNUSED_FUNCTION = YES;
				GCC_WARN_UNUSED_VARIABLE = YES;
				IPHONEOS_DEPLOYMENT_TARGET = 17.4;
				LOCALIZATION_PREFERS_STRING_CATALOGS = YES;
				MTL_ENABLE_DEBUG_INFO = INCLUDE_SOURCE;
				MTL_FAST_MATH = YES;
				ONLY_ACTIVE_ARCH = YES;
				SDKROOT = iphoneos;
				SWIFT_ACTIVE_COMPILATION_CONDITIONS = "DEBUG $(inherited)";
				SWIFT_OPTIMIZATION_LEVEL = "-Onone";
			};
			name = Debug;
		};
		00159AD02D6E0C1C00500807 /* Release */ = {
			isa = XCBuildConfiguration;
			buildSettings = {
				ALWAYS_SEARCH_USER_PATHS = NO;
				ASSETCATALOG_COMPILER_GENERATE_SWIFT_ASSET_SYMBOL_EXTENSIONS = YES;
				CLANG_ANALYZER_NONNULL = YES;
				CLANG_ANALYZER_NUMBER_OBJECT_CONVERSION = YES_AGGRESSIVE;
				CLANG_CXX_LANGUAGE_STANDARD = "gnu++20";
				CLANG_ENABLE_MODULES = YES;
				CLANG_ENABLE_OBJC_ARC = YES;
				CLANG_ENABLE_OBJC_WEAK = YES;
				CLANG_WARN_BLOCK_CAPTURE_AUTORELEASING = YES;
				CLANG_WARN_BOOL_CONVERSION = YES;
				CLANG_WARN_COMMA = YES;
				CLANG_WARN_CONSTANT_CONVERSION = YES;
				CLANG_WARN_DEPRECATED_OBJC_IMPLEMENTATIONS = YES;
				CLANG_WARN_DIRECT_OBJC_ISA_USAGE = YES_ERROR;
				CLANG_WARN_DOCUMENTATION_COMMENTS = YES;
				CLANG_WARN_EMPTY_BODY = YES;
				CLANG_WARN_ENUM_CONVERSION = YES;
				CLANG_WARN_INFINITE_RECURSION = YES;
				CLANG_WARN_INT_CONVERSION = YES;
				CLANG_WARN_NON_LITERAL_NULL_CONVERSION = YES;
				CLANG_WARN_OBJC_IMPLICIT_RETAIN_SELF = YES;
				CLANG_WARN_OBJC_LITERAL_CONVERSION = YES;
				CLANG_WARN_OBJC_ROOT_CLASS = YES_ERROR;
				CLANG_WARN_QUOTED_INCLUDE_IN_FRAMEWORK_HEADER = YES;
				CLANG_WARN_RANGE_LOOP_ANALYSIS = YES;
				CLANG_WARN_STRICT_PROTOTYPES = YES;
				CLANG_WARN_SUSPICIOUS_MOVE = YES;
				CLANG_WARN_UNGUARDED_AVAILABILITY = YES_AGGRESSIVE;
				CLANG_WARN_UNREACHABLE_CODE = YES;
				CLANG_WARN__DUPLICATE_METHOD_MATCH = YES;
				COPY_PHASE_STRIP = NO;
				DEBUG_INFORMATION_FORMAT = "dwarf-with-dsym";
				ENABLE_NS_ASSERTIONS = NO;
				ENABLE_STRICT_OBJC_MSGSEND = YES;
				ENABLE_USER_SCRIPT_SANDBOXING = YES;
				GCC_C_LANGUAGE_STANDARD = gnu17;
				GCC_NO_COMMON_BLOCKS = YES;
				GCC_WARN_64_TO_32_BIT_CONVERSION = YES;
				GCC_WARN_ABOUT_RETURN_TYPE = YES_ERROR;
				GCC_WARN_UNDECLARED_SELECTOR = YES;
				GCC_WARN_UNINITIALIZED_AUTOS = YES_AGGRESSIVE;
				GCC_WARN_UNUSED_FUNCTION = YES;
				GCC_WARN_UNUSED_VARIABLE = YES;
				IPHONEOS_DEPLOYMENT_TARGET = 17.4;
				LOCALIZATION_PREFERS_STRING_CATALOGS = YES;
				MTL_ENABLE_DEBUG_INFO = NO;
				MTL_FAST_MATH = YES;
				SDKROOT = iphoneos;
				SWIFT_COMPILATION_MODE = wholemodule;
				VALIDATE_PRODUCT = YES;
			};
			name = Release;
		};
		00159AD22D6E0C1C00500807 /* Debug */ = {
			isa = XCBuildConfiguration;
			buildSettings = {
				ASSETCATALOG_COMPILER_APPICON_NAME = AppIcon;
				ASSETCATALOG_COMPILER_GLOBAL_ACCENT_COLOR_NAME = AccentColor;
				CODE_SIGN_STYLE = Manual;
				CURRENT_PROJECT_VERSION = 1;
				DEVELOPMENT_ASSET_PATHS = "\"DemoTask/Preview Content\"";
				DEVELOPMENT_TEAM = "";
				ENABLE_PREVIEWS = YES;
				GENERATE_INFOPLIST_FILE = YES;
				INFOPLIST_KEY_UIApplicationSceneManifest_Generation = YES;
				INFOPLIST_KEY_UIApplicationSupportsIndirectInputEvents = YES;
				INFOPLIST_KEY_UILaunchScreen_Generation = YES;
				INFOPLIST_KEY_UISupportedInterfaceOrientations_iPad = "UIInterfaceOrientationPortrait UIInterfaceOrientationPortraitUpsideDown UIInterfaceOrientationLandscapeLeft UIInterfaceOrientationLandscapeRight";
				INFOPLIST_KEY_UISupportedInterfaceOrientations_iPhone = "UIInterfaceOrientationPortrait UIInterfaceOrientationLandscapeLeft UIInterfaceOrientationLandscapeRight";
				LD_RUNPATH_SEARCH_PATHS = (
					"$(inherited)",
					"@executable_path/Frameworks",
				);
				MARKETING_VERSION = 1.0;
				PRODUCT_BUNDLE_IDENTIFIER = abc.com.DemoTask;
				PRODUCT_NAME = "$(TARGET_NAME)";
				PROVISIONING_PROFILE_SPECIFIER = "";
				SWIFT_EMIT_LOC_STRINGS = YES;
				SWIFT_VERSION = 5.0;
				TARGETED_DEVICE_FAMILY = "1,2";
			};
			name = Debug;
		};
		00159AD32D6E0C1C00500807 /* Release */ = {
			isa = XCBuildConfiguration;
			buildSettings = {
				ASSETCATALOG_COMPILER_APPICON_NAME = AppIcon;
				ASSETCATALOG_COMPILER_GLOBAL_ACCENT_COLOR_NAME = AccentColor;
				CODE_SIGN_STYLE = Manual;
				CURRENT_PROJECT_VERSION = 1;
				DEVELOPMENT_ASSET_PATHS = "\"DemoTask/Preview Content\"";
				DEVELOPMENT_TEAM = "";
				ENABLE_PREVIEWS = YES;
				GENERATE_INFOPLIST_FILE = YES;
				INFOPLIST_KEY_UIApplicationSceneManifest_Generation = YES;
				INFOPLIST_KEY_UIApplicationSupportsIndirectInputEvents = YES;
				INFOPLIST_KEY_UILaunchScreen_Generation = YES;
				INFOPLIST_KEY_UISupportedInterfaceOrientations_iPad = "UIInterfaceOrientationPortrait UIInterfaceOrientationPortraitUpsideDown UIInterfaceOrientationLandscapeLeft UIInterfaceOrientationLandscapeRight";
				INFOPLIST_KEY_UISupportedInterfaceOrientations_iPhone = "UIInterfaceOrientationPortrait UIInterfaceOrientationLandscapeLeft UIInterfaceOrientationLandscapeRight";
				LD_RUNPATH_SEARCH_PATHS = (
					"$(inherited)",
					"@executable_path/Frameworks",
				);
				MARKETING_VERSION = 1.0;
				PRODUCT_BUNDLE_IDENTIFIER = abc.com.DemoTask;
				PRODUCT_NAME = "$(TARGET_NAME)";
				PROVISIONING_PROFILE_SPECIFIER = "";
				SWIFT_EMIT_LOC_STRINGS = YES;
				SWIFT_VERSION = 5.0;
				TARGETED_DEVICE_FAMILY = "1,2";
			};
			name = Release;
		};
		00159AD52D6E0C1C00500807 /* Debug */ = {
			isa = XCBuildConfiguration;
			buildSettings = {
				ALWAYS_EMBED_SWIFT_STANDARD_LIBRARIES = YES;
				BUNDLE_LOADER = "$(TEST_HOST)";
				CODE_SIGN_STYLE = Automatic;
				CURRENT_PROJECT_VERSION = 1;
				GENERATE_INFOPLIST_FILE = YES;
				IPHONEOS_DEPLOYMENT_TARGET = 17.4;
				MARKETING_VERSION = 1.0;
				PRODUCT_BUNDLE_IDENTIFIER = abc.com.DemoTaskTests;
				PRODUCT_NAME = "$(TARGET_NAME)";
				SWIFT_EMIT_LOC_STRINGS = NO;
				SWIFT_VERSION = 5.0;
				TARGETED_DEVICE_FAMILY = "1,2";
				TEST_HOST = "$(BUILT_PRODUCTS_DIR)/DemoTask.app/$(BUNDLE_EXECUTABLE_FOLDER_PATH)/DemoTask";
			};
			name = Debug;
		};
		00159AD62D6E0C1C00500807 /* Release */ = {
			isa = XCBuildConfiguration;
			buildSettings = {
				ALWAYS_EMBED_SWIFT_STANDARD_LIBRARIES = YES;
				BUNDLE_LOADER = "$(TEST_HOST)";
				CODE_SIGN_STYLE = Automatic;
				CURRENT_PROJECT_VERSION = 1;
				GENERATE_INFOPLIST_FILE = YES;
				IPHONEOS_DEPLOYMENT_TARGET = 17.4;
				MARKETING_VERSION = 1.0;
				PRODUCT_BUNDLE_IDENTIFIER = abc.com.DemoTaskTests;
				PRODUCT_NAME = "$(TARGET_NAME)";
				SWIFT_EMIT_LOC_STRINGS = NO;
				SWIFT_VERSION = 5.0;
				TARGETED_DEVICE_FAMILY = "1,2";
				TEST_HOST = "$(BUILT_PRODUCTS_DIR)/DemoTask.app/$(BUNDLE_EXECUTABLE_FOLDER_PATH)/DemoTask";
			};
			name = Release;
		};
		00159AD82D6E0C1C00500807 /* Debug */ = {
			isa = XCBuildConfiguration;
			buildSettings = {
				ALWAYS_EMBED_SWIFT_STANDARD_LIBRARIES = YES;
				CODE_SIGN_STYLE = Automatic;
				CURRENT_PROJECT_VERSION = 1;
				GENERATE_INFOPLIST_FILE = YES;
				MARKETING_VERSION = 1.0;
				PRODUCT_BUNDLE_IDENTIFIER = abc.com.DemoTaskUITests;
				PRODUCT_NAME = "$(TARGET_NAME)";
				SWIFT_EMIT_LOC_STRINGS = NO;
				SWIFT_VERSION = 5.0;
				TARGETED_DEVICE_FAMILY = "1,2";
				TEST_TARGET_NAME = DemoTask;
			};
			name = Debug;
		};
		00159AD92D6E0C1C00500807 /* Release */ = {
			isa = XCBuildConfiguration;
			buildSettings = {
				ALWAYS_EMBED_SWIFT_STANDARD_LIBRARIES = YES;
				CODE_SIGN_STYLE = Automatic;
				CURRENT_PROJECT_VERSION = 1;
				GENERATE_INFOPLIST_FILE = YES;
				MARKETING_VERSION = 1.0;
				PRODUCT_BUNDLE_IDENTIFIER = abc.com.DemoTaskUITests;
				PRODUCT_NAME = "$(TARGET_NAME)";
				SWIFT_EMIT_LOC_STRINGS = NO;
				SWIFT_VERSION = 5.0;
				TARGETED_DEVICE_FAMILY = "1,2";
				TEST_TARGET_NAME = DemoTask;
			};
			name = Release;
		};
/* End XCBuildConfiguration section */

/* Begin XCConfigurationList section */
		00159AA32D6E0C1B00500807 /* Build configuration list for PBXProject "DemoTask" */ = {
			isa = XCConfigurationList;
			buildConfigurations = (
				00159ACF2D6E0C1C00500807 /* Debug */,
				00159AD02D6E0C1C00500807 /* Release */,
			);
			defaultConfigurationIsVisible = 0;
			defaultConfigurationName = Release;
		};
		00159AD12D6E0C1C00500807 /* Build configuration list for PBXNativeTarget "DemoTask" */ = {
			isa = XCConfigurationList;
			buildConfigurations = (
				00159AD22D6E0C1C00500807 /* Debug */,
				00159AD32D6E0C1C00500807 /* Release */,
			);
			defaultConfigurationIsVisible = 0;
			defaultConfigurationName = Release;
		};
		00159AD42D6E0C1C00500807 /* Build configuration list for PBXNativeTarget "DemoTaskTests" */ = {
			isa = XCConfigurationList;
			buildConfigurations = (
				00159AD52D6E0C1C00500807 /* Debug */,
				00159AD62D6E0C1C00500807 /* Release */,
			);
			defaultConfigurationIsVisible = 0;
			defaultConfigurationName = Release;
		};
		00159AD72D6E0C1C00500807 /* Build configuration list for PBXNativeTarget "DemoTaskUITests" */ = {
			isa = XCConfigurationList;
			buildConfigurations = (
				00159AD82D6E0C1C00500807 /* Debug */,
				00159AD92D6E0C1C00500807 /* Release */,
			);
			defaultConfigurationIsVisible = 0;
			defaultConfigurationName = Release;
		};
/* End XCConfigurationList section */

/* Begin XCVersionGroup section */
		00159AB62D6E0C1C00500807 /* DemoTask.xcdatamodeld */ = {
			isa = XCVersionGroup;
			children = (
				00159AB72D6E0C1C00500807 /* DemoTask.xcdatamodel */,
			);
			currentVersion = 00159AB72D6E0C1C00500807 /* DemoTask.xcdatamodel */;
			path = DemoTask.xcdatamodeld;
			sourceTree = "<group>";
			versionGroupType = wrapper.xcdatamodel;
		};
/* End XCVersionGroup section */
	};
	rootObject = 00159AA02D6E0C1B00500807 /* Project object */;
}
